
Microsoft Visual Studio Solution File, Format Version 12.00
# Visual Studio Version 17
VisualStudioVersion = 17.12.35514.174
MinimumVisualStudioVersion = 10.0.40219.1
Project("{FAE04EC0-301F-11D3-BF4B-00C04F79EFBC}") = "Main", "Main.csproj", "{BD5F7D16-70AB-4C84-BEF4-9BD35278C345}"
EndProject
Project("{FAE04EC0-301F-11D3-BF4B-00C04F79EFBC}") = "Perks", "..\Perks\Perks.csproj", "{92E8A748-3B17-4F50-9DD2-87658801F66C}"
EndProject
Project("{FAE04EC0-301F-11D3-BF4B-00C04F79EFBC}") = "UltimateWeapons", "..\UltimateWeapons\UltimateWeapons.csproj", "{E5E28698-F36E-498A-BCE1-0BE1CFC510B6}"
EndProject
Project("{FAE04EC0-301F-11D3-BF4B-00C04F79EFBC}") = "Website", "..\Website\Website.csproj", "{26B99EBD-91D5-44EE-A059-0BC684B6076F}"
EndProject
Global
	GlobalSection(SolutionConfigurationPlatforms) = preSolution
		Debug|Any CPU = Debug|Any CPU
		Release|Any CPU = Release|Any CPU
	EndGlobalSection
	GlobalSection(ProjectConfigurationPlatforms) = postSolution
		{BD5F7D16-70AB-4C84-BEF4-9BD35278C345}.Debug|Any CPU.ActiveCfg = Debug|Any CPU
		{BD5F7D16-70AB-4C84-BEF4-9BD35278C345}.Debug|Any CPU.Build.0 = Debug|Any CPU
		{BD5F7D16-70AB-4C84-BEF4-9BD35278C345}.Release|Any CPU.ActiveCfg = Release|Any CPU
		{BD5F7D16-70AB-4C84-BEF4-9BD35278C345}.Release|Any CPU.Build.0 = Release|Any CPU
		{92E8A748-3B17-4F50-9DD2-87658801F66C}.Debug|Any CPU.ActiveCfg = Debug|Any CPU
		{92E8A748-3B17-4F50-9DD2-87658801F66C}.Debug|Any CPU.Build.0 = Debug|Any CPU
		{92E8A748-3B17-4F50-9DD2-87658801F66C}.Release|Any CPU.ActiveCfg = Release|Any CPU
		{92E8A748-3B17-4F50-9DD2-87658801F66C}.Release|Any CPU.Build.0 = Release|Any CPU
		{E5E28698-F36E-498A-BCE1-0BE1CFC510B6}.Debug|Any CPU.ActiveCfg = Debug|Any CPU
		{E5E28698-F36E-498A-BCE1-0BE1CFC510B6}.Debug|Any CPU.Build.0 = Debug|Any CPU
		{E5E28698-F36E-498A-BCE1-0BE1CFC510B6}.Release|Any CPU.ActiveCfg = Release|Any CPU
		{E5E28698-F36E-498A-BCE1-0BE1CFC510B6}.Release|Any CPU.Build.0 = Release|Any CPU
		{26B99EBD-91D5-44EE-A059-0BC684B6076F}.Debug|Any CPU.ActiveCfg = Debug|Any CPU
		{26B99EBD-91D5-44EE-A059-0BC684B6076F}.Debug|Any CPU.Build.0 = Debug|Any CPU
		{26B99EBD-91D5-44EE-A059-0BC684B6076F}.Release|Any CPU.ActiveCfg = Release|Any CPU
		{26B99EBD-91D5-44EE-A059-0BC684B6076F}.Release|Any CPU.Build.0 = Release|Any CPU
	EndGlobalSection
	GlobalSection(SolutionProperties) = preSolution
		HideSolutionNode = FALSE
	EndGlobalSection
EndGlobal
